<?xml version="1.0" encoding="utf-8"?>
<Project ToolsVersion="4.0" xmlns="http://schemas.microsoft.com/developer/msbuild/2003">
  <ItemGroup>
    <Filter Include="Header Files">
      <UniqueIdentifier>{31d72f21-af65-493b-bd1d-d753e761bc83}</UniqueIdentifier>
      <Extensions>h;hpp;hxx;hm;inl;inc;xsd</Extensions>
    </Filter>
    <Filter Include="Source Files">
      <UniqueIdentifier>{eb5a7cab-cae0-4334-ba04-bcac89ba4070}</UniqueIdentifier>
      <Extensions>cpp;c;cxx;def;odl;idl;hpj;bat;asm;asmx</Extensions>
    </Filter>
  </ItemGroup>
  <ItemGroup>
    <None Include="ReadMe.txt" />
  </ItemGroup>
  <ItemGroup>
    <ClCompile Include="VirtualGroupAPI.cpp">
      <Filter>Source Files</Filter>
    </ClCompile>
    <ClCompile Include="complexFunc.cpp">
      <Filter>Source Files</Filter>
    </ClCompile>
    <ClCompile Include="Des.cpp">
      <Filter>Source Files</Filter>
    </ClCompile>
    <ClCompile Include="Edge.cpp">
      <Filter>Source Files</Filter>
    </ClCompile>
    <ClCompile Include="Entity.cpp">
      <Filter>Source Files</Filter>
    </ClCompile>
    <ClCompile Include="EntityAPI.cpp">
      <Filter>Source Files</Filter>
    </ClCompile>
    <ClCompile Include="EntityEx.cpp">
      <Filter>Source Files</Filter>
    </ClCompile>
    <ClCompile Include="EntityGroup.cpp">
      <Filter>Source Files</Filter>
    </ClCompile>
    <ClCompile Include="EntityGroupAPI.cpp">
      <Filter>Source Files</Filter>
    </ClCompile>
    <ClCompile Include="EntityRelation.cpp">
      <Filter>Source Files</Filter>
    </ClCompile>
    <ClCompile Include="EntityTemplet.cpp">
      <Filter>Source Files</Filter>
    </ClCompile>
    <ClCompile Include="EntityTempletAPI.cpp">
      <Filter>Source Files</Filter>
    </ClCompile>
    <ClCompile Include="General.cpp">
      <Filter>Source Files</Filter>
    </ClCompile>
    <ClCompile Include="Group.cpp">
      <Filter>Source Files</Filter>
    </ClCompile>
    <ClCompile Include="GroupAPI.cpp">
      <Filter>Source Files</Filter>
    </ClCompile>
    <ClCompile Include="Monitor.cpp">
      <Filter>Source Files</Filter>
    </ClCompile>
    <ClCompile Include="MonitorAPI.cpp">
      <Filter>Source Files</Filter>
    </ClCompile>
    <ClCompile Include="MonitorTemplet.cpp">
      <Filter>Source Files</Filter>
    </ClCompile>
    <ClCompile Include="MonitorTempletAPI.cpp">
      <Filter>Source Files</Filter>
    </ClCompile>
    <ClCompile Include="MQapi.cpp">
      <Filter>Source Files</Filter>
    </ClCompile>
    <ClCompile Include="MySocket.cpp">
      <Filter>Source Files</Filter>
    </ClCompile>
    <ClCompile Include="MyTCPSocket.cpp">
      <Filter>Source Files</Filter>
    </ClCompile>
    <ClCompile Include="MyTCPStream.cpp">
      <Filter>Source Files</Filter>
    </ClCompile>
    <ClCompile Include="NNMEntityAPI.cpp">
      <Filter>Source Files</Filter>
    </ClCompile>
    <ClCompile Include="ObjCache.cpp">
      <Filter>Source Files</Filter>
    </ClCompile>
    <ClCompile Include="otherfunc2.cpp">
      <Filter>Source Files</Filter>
    </ClCompile>
    <ClCompile Include="otherfunc.cpp">
      <Filter>Source Files</Filter>
    </ClCompile>
    <ClCompile Include="Port.cpp">
      <Filter>Source Files</Filter>
    </ClCompile>
    <ClCompile Include="QueryData.cpp">
      <Filter>Source Files</Filter>
    </ClCompile>
    <ClCompile Include="QueueRecord.cpp">
      <Filter>Source Files</Filter>
    </ClCompile>
    <ClCompile Include="RcdStat.cpp">
      <Filter>Source Files</Filter>
    </ClCompile>
    <ClCompile Include="RecordSet.cpp">
      <Filter>Source Files</Filter>
    </ClCompile>
    <ClCompile Include="RecordType.cpp">
      <Filter>Source Files</Filter>
    </ClCompile>
    <ClCompile Include="Resource.cpp">
      <Filter>Source Files</Filter>
    </ClCompile>
    <ClCompile Include="ResourceAPI.cpp">
      <Filter>Source Files</Filter>
    </ClCompile>
    <ClCompile Include="Section.cpp">
      <Filter>Source Files</Filter>
    </ClCompile>
    <ClCompile Include="SerialBase.cpp">
      <Filter>Source Files</Filter>
    </ClCompile>
    <ClCompile Include="ShareMemFile.cpp">
      <Filter>Source Files</Filter>
    </ClCompile>
    <ClCompile Include="stlini.cpp">
      <Filter>Source Files</Filter>
    </ClCompile>
    <ClCompile Include="StringMap.cpp">
      <Filter>Source Files</Filter>
    </ClCompile>
    <ClCompile Include="svdbapi.cpp">
      <Filter>Source Files</Filter>
    </ClCompile>
    <ClCompile Include="svdbtype.cpp">
      <Filter>Source Files</Filter>
    </ClCompile>
    <ClCompile Include="SVSE.cpp">
      <Filter>Source Files</Filter>
    </ClCompile>
    <ClCompile Include="SVSEAPI.cpp">
      <Filter>Source Files</Filter>
    </ClCompile>
    <ClCompile Include="TaskAPI.cpp">
      <Filter>Source Files</Filter>
    </ClCompile>
    <ClCompile Include="TopologyChart.cpp">
      <Filter>Source Files</Filter>
    </ClCompile>
    <ClCompile Include="TopologyChartAPI.cpp">
      <Filter>Source Files</Filter>
    </ClCompile>
    <ClCompile Include="util.cpp">
      <Filter>Source Files</Filter>
    </ClCompile>
    <ClCompile Include="VirtualGroup.cpp">
      <Filter>Source Files</Filter>
    </ClCompile>
    <ClCompile Include="addonapi.cpp">
      <Filter>Source Files</Filter>
    </ClCompile>
  </ItemGroup>
  <ItemGroup>
    <ClInclude Include="Des.h">
      <Filter>Header Files</Filter>
    </ClInclude>
    <ClInclude Include="Edge.h">
      <Filter>Header Files</Filter>
    </ClInclude>
    <ClInclude Include="Entity.h">
      <Filter>Header Files</Filter>
    </ClInclude>
    <ClInclude Include="EntityEx.h">
      <Filter>Header Files</Filter>
    </ClInclude>
    <ClInclude Include="EntityGroup.h">
      <Filter>Header Files</Filter>
    </ClInclude>
    <ClInclude Include="EntityRelation.h">
      <Filter>Header Files</Filter>
    </ClInclude>
    <ClInclude Include="EntityTemplet.h">
      <Filter>Header Files</Filter>
    </ClInclude>
    <ClInclude Include="Group.h">
      <Filter>Header Files</Filter>
    </ClInclude>
    <ClInclude Include="Monitor.h">
      <Filter>Header Files</Filter>
    </ClInclude>
    <ClInclude Include="MonitorTemplet.h">
      <Filter>Header Files</Filter>
    </ClInclude>
    <ClInclude Include="MySocket.h">
      <Filter>Header Files</Filter>
    </ClInclude>
    <ClInclude Include="MyTCPSocket.h">
      <Filter>Header Files</Filter>
    </ClInclude>
    <ClInclude Include="MyTCPStream.h">
      <Filter>Header Files</Filter>
    </ClInclude>
    <ClInclude Include="ObjCache.h">
      <Filter>Header Files</Filter>
    </ClInclude>
    <ClInclude Include="otherfunc.h">
      <Filter>Header Files</Filter>
    </ClInclude>
    <ClInclude Include="Port.h">
      <Filter>Header Files</Filter>
    </ClInclude>
    <ClInclude Include="QueryData.h">
      <Filter>Header Files</Filter>
    </ClInclude>
    <ClInclude Include="QueueRecord.h">
      <Filter>Header Files</Filter>
    </ClInclude>
    <ClInclude Include="RcdStat.h">
      <Filter>Header Files</Filter>
    </ClInclude>
    <ClInclude Include="RecordSet.h">
      <Filter>Header Files</Filter>
    </ClInclude>
    <ClInclude Include="RecordType.h">
      <Filter>Header Files</Filter>
    </ClInclude>
    <ClInclude Include="Resource.h">
      <Filter>Header Files</Filter>
    </ClInclude>
    <ClInclude Include="safedog.h">
      <Filter>Header Files</Filter>
    </ClInclude>
    <ClInclude Include="Section.h">
      <Filter>Header Files</Filter>
    </ClInclude>
    <ClInclude Include="SerialBase.h">
      <Filter>Header Files</Filter>
    </ClInclude>
    <ClInclude Include="ShareMemFile.h">
      <Filter>Header Files</Filter>
    </ClInclude>
    <ClInclude Include="stlini.h">
      <Filter>Header Files</Filter>
    </ClInclude>
    <ClInclude Include="StringMap.h">
      <Filter>Header Files</Filter>
    </ClInclude>
    <ClInclude Include="svdbapi.h">
      <Filter>Header Files</Filter>
    </ClInclude>
    <ClInclude Include="svdbtype.h">
      <Filter>Header Files</Filter>
    </ClInclude>
    <ClInclude Include="svnnmapi.h">
      <Filter>Header Files</Filter>
    </ClInclude>
    <ClInclude Include="SVSE.h">
      <Filter>Header Files</Filter>
    </ClInclude>
    <ClInclude Include="TopologyChart.h">
      <Filter>Header Files</Filter>
    </ClInclude>
    <ClInclude Include="util.h">
      <Filter>Header Files</Filter>
    </ClInclude>
    <ClInclude Include="VirtualGroup.h">
      <Filter>Header Files</Filter>
    </ClInclude>
    <ClInclude Include="SVDBError.h">
      <Filter>Header Files</Filter>
    </ClInclude>
    <ClInclude Include="QueryProtocol.h">
      <Filter>Header Files</Filter>
    </ClInclude>
    <ClInclude Include="addon.h">
      <Filter>Header Files</Filter>
    </ClInclude>
    <ClInclude Include="addonapi.h">
      <Filter>Header Files</Filter>
    </ClInclude>
  </ItemGroup>
</Project>