Microsoft Visual Studio Solution File, Format Version 8.00
Project("{8BC9CEB8-8B4A-11D0-8D11-00A0C91BC942}") = "GetAllStringList", "GetAllStringList.vcproj", "{FC1F7714-506A-43DF-B62A-CF3D6F05F389}"
	ProjectSection(ProjectDependencies) = postProject
	EndProjectSection
EndProject
Global
	GlobalSection(SourceCodeControl) = preSolution
		SccNumberOfProjects = 1
		SccProjectUniqueName0 = GetAllStringList.vcproj
		SccProjectName0 = \u0022$/chenxingang/GetAllStringList\u0022,\u0020OQVAAAAA
		SccLocalPath0 = .
		SccProvider0 = MSSCCI:Microsoft\u0020Visual\u0020SourceSafe
	EndGlobalSection
	GlobalSection(SolutionConfiguration) = preSolution
		Debug = Debug
		Release = Release
	EndGlobalSection
	GlobalSection(ProjectConfiguration) = postSolution
		{FC1F7714-506A-43DF-B62A-CF3D6F05F389}.Debug.ActiveCfg = Debug|Win32
		{FC1F7714-506A-43DF-B62A-CF3D6F05F389}.Debug.Build.0 = Debug|Win32
		{FC1F7714-506A-43DF-B62A-CF3D6F05F389}.Release.ActiveCfg = Release|Win32
		{FC1F7714-506A-43DF-B62A-CF3D6F05F389}.Release.Build.0 = Release|Win32
	EndGlobalSection
	GlobalSection(ExtensibilityGlobals) = postSolution
	EndGlobalSection
	GlobalSection(ExtensibilityAddIns) = postSolution
	EndGlobalSection
EndGlobal
