
Microsoft Visual Studio Solution File, Format Version 9.00
# Visual Studio 2005
Project("{8BC9CEB8-8B4A-11D0-8D11-00A0C91BC942}") = "NNM.4.0.VC", "NNM.4.0.VC\NNM.4.0.VC.vcproj", "{A73F85B7-C427-45C4-85B6-A44B54041A6D}"
EndProject
Global
	GlobalSection(SourceCodeControl) = preSolution
		SccNumberOfProjects = 2
		SccLocalPath0 = .
		SccProjectUniqueName1 = NNM.4.0.VC\\NNM.4.0.VC.vcproj
		SccLocalPath1 = .
		SccProjectFilePathRelativizedFromConnection1 = NNM.4.0.VC\\
	EndGlobalSection
	GlobalSection(SolutionConfigurationPlatforms) = preSolution
		Debug|Win32 = Debug|Win32
		Release|Win32 = Release|Win32
	EndGlobalSection
	GlobalSection(ProjectConfigurationPlatforms) = postSolution
		{A73F85B7-C427-45C4-85B6-A44B54041A6D}.Debug|Win32.ActiveCfg = Debug|Win32
		{A73F85B7-C427-45C4-85B6-A44B54041A6D}.Debug|Win32.Build.0 = Debug|Win32
		{A73F85B7-C427-45C4-85B6-A44B54041A6D}.Release|Win32.ActiveCfg = Release|Win32
		{A73F85B7-C427-45C4-85B6-A44B54041A6D}.Release|Win32.Build.0 = Release|Win32
	EndGlobalSection
	GlobalSection(SolutionProperties) = preSolution
		HideSolutionNode = FALSE
	EndGlobalSection
EndGlobal
