Microsoft Visual Studio Solution File, Format Version 8.00
Project("{8BC9CEB8-8B4A-11D0-8D11-00A0C91BC942}") = "xieChengQueuePatch", "xieChengQueuePatch.vcproj", "{6EB99057-DD9B-4F36-B205-C30B7C83A438}"
	ProjectSection(ProjectDependencies) = postProject
	EndProjectSection
EndProject
Global
	GlobalSection(SolutionConfiguration) = preSolution
		Debug = Debug
		Release = Release
	EndGlobalSection
	GlobalSection(ProjectConfiguration) = postSolution
		{6EB99057-DD9B-4F36-B205-C30B7C83A438}.Debug.ActiveCfg = Debug|Win32
		{6EB99057-DD9B-4F36-B205-C30B7C83A438}.Debug.Build.0 = Debug|Win32
		{6EB99057-DD9B-4F36-B205-C30B7C83A438}.Release.ActiveCfg = Release|Win32
		{6EB99057-DD9B-4F36-B205-C30B7C83A438}.Release.Build.0 = Release|Win32
	EndGlobalSection
	GlobalSection(ExtensibilityGlobals) = postSolution
	EndGlobalSection
	GlobalSection(ExtensibilityAddIns) = postSolution
	EndGlobalSection
EndGlobal
