Microsoft Visual Studio Solution File, Format Version 11.00
# Visual Studio 2010
Project("{8BC9CEB8-8B4A-11D0-8D11-00A0C91BC942}") = "libutil", "libutil\libutil.vcxproj", "{20272ADB-E404-40AA-A450-FAA7DAF2A9D2}"
EndProject
Project("{8BC9CEB8-8B4A-11D0-8D11-00A0C91BC942}") = "ccgnu2", "w32\ccgnu2.vcxproj", "{6CDC94AA-3D01-2ADD-3014-5AE108D86DC5}"
EndProject
Project("{8BC9CEB8-8B4A-11D0-8D11-00A0C91BC942}") = "sv_addon", "sv_addon\sv_addon.vcxproj", "{33521A23-3CEE-4841-B3C7-01AEC5606B7E}"
	ProjectSection(ProjectDependencies) = postProject
		{DDEE4F19-8ED0-440A-AF60-188DB95452E9} = {DDEE4F19-8ED0-440A-AF60-188DB95452E9}
		{6CDC94AA-3D01-2ADD-3014-5AE108D86DC5} = {6CDC94AA-3D01-2ADD-3014-5AE108D86DC5}
		{20272ADB-E404-40AA-A450-FAA7DAF2A9D2} = {20272ADB-E404-40AA-A450-FAA7DAF2A9D2}
	EndProjectSection
EndProject
Project("{8BC9CEB8-8B4A-11D0-8D11-00A0C91BC942}") = "addon", "addon\addon.vcxproj", "{DDEE4F19-8ED0-440A-AF60-188DB95452E9}"
	ProjectSection(ProjectDependencies) = postProject
		{6CDC94AA-3D01-2ADD-3014-5AE108D86DC5} = {6CDC94AA-3D01-2ADD-3014-5AE108D86DC5}
		{20272ADB-E404-40AA-A450-FAA7DAF2A9D2} = {20272ADB-E404-40AA-A450-FAA7DAF2A9D2}
	EndProjectSection
EndProject
Project("{8BC9CEB8-8B4A-11D0-8D11-00A0C91BC942}") = "addon_test", "addon_test.vcxproj", "{386411CA-58E8-435D-AEB5-1A0C03883D97}"
	ProjectSection(ProjectDependencies) = postProject
		{DDEE4F19-8ED0-440A-AF60-188DB95452E9} = {DDEE4F19-8ED0-440A-AF60-188DB95452E9}
		{33521A23-3CEE-4841-B3C7-01AEC5606B7E} = {33521A23-3CEE-4841-B3C7-01AEC5606B7E}
		{6CDC94AA-3D01-2ADD-3014-5AE108D86DC5} = {6CDC94AA-3D01-2ADD-3014-5AE108D86DC5}
		{20272ADB-E404-40AA-A450-FAA7DAF2A9D2} = {20272ADB-E404-40AA-A450-FAA7DAF2A9D2}
	EndProjectSection
EndProject
Global
	GlobalSection(SolutionConfigurationPlatforms) = preSolution
		Debug|Win32 = Debug|Win32
		Release|Win32 = Release|Win32
		ReleaseAMD64|Win32 = ReleaseAMD64|Win32
		ReleaseItanium|Win32 = ReleaseItanium|Win32
	EndGlobalSection
	GlobalSection(ProjectConfigurationPlatforms) = postSolution
		{20272ADB-E404-40AA-A450-FAA7DAF2A9D2}.Debug|Win32.ActiveCfg = Debug|Win32
		{20272ADB-E404-40AA-A450-FAA7DAF2A9D2}.Debug|Win32.Build.0 = Debug|Win32
		{20272ADB-E404-40AA-A450-FAA7DAF2A9D2}.Release|Win32.ActiveCfg = Release|Win32
		{20272ADB-E404-40AA-A450-FAA7DAF2A9D2}.Release|Win32.Build.0 = Release|Win32
		{20272ADB-E404-40AA-A450-FAA7DAF2A9D2}.ReleaseAMD64|Win32.ActiveCfg = Release|Win32
		{20272ADB-E404-40AA-A450-FAA7DAF2A9D2}.ReleaseAMD64|Win32.Build.0 = Release|Win32
		{20272ADB-E404-40AA-A450-FAA7DAF2A9D2}.ReleaseItanium|Win32.ActiveCfg = Release|Win32
		{20272ADB-E404-40AA-A450-FAA7DAF2A9D2}.ReleaseItanium|Win32.Build.0 = Release|Win32
		{6CDC94AA-3D01-2ADD-3014-5AE108D86DC5}.Debug|Win32.ActiveCfg = Debug|Win32
		{6CDC94AA-3D01-2ADD-3014-5AE108D86DC5}.Debug|Win32.Build.0 = Debug|Win32
		{6CDC94AA-3D01-2ADD-3014-5AE108D86DC5}.Release|Win32.ActiveCfg = Release|Win32
		{6CDC94AA-3D01-2ADD-3014-5AE108D86DC5}.Release|Win32.Build.0 = Release|Win32
		{6CDC94AA-3D01-2ADD-3014-5AE108D86DC5}.ReleaseAMD64|Win32.ActiveCfg = Release|Win32
		{6CDC94AA-3D01-2ADD-3014-5AE108D86DC5}.ReleaseAMD64|Win32.Build.0 = Release|Win32
		{6CDC94AA-3D01-2ADD-3014-5AE108D86DC5}.ReleaseItanium|Win32.ActiveCfg = Release|Win32
		{6CDC94AA-3D01-2ADD-3014-5AE108D86DC5}.ReleaseItanium|Win32.Build.0 = Release|Win32
		{33521A23-3CEE-4841-B3C7-01AEC5606B7E}.Debug|Win32.ActiveCfg = Debug|Win32
		{33521A23-3CEE-4841-B3C7-01AEC5606B7E}.Debug|Win32.Build.0 = Debug|Win32
		{33521A23-3CEE-4841-B3C7-01AEC5606B7E}.Release|Win32.ActiveCfg = Release|Win32
		{33521A23-3CEE-4841-B3C7-01AEC5606B7E}.Release|Win32.Build.0 = Release|Win32
		{33521A23-3CEE-4841-B3C7-01AEC5606B7E}.ReleaseAMD64|Win32.ActiveCfg = Release|Win32
		{33521A23-3CEE-4841-B3C7-01AEC5606B7E}.ReleaseAMD64|Win32.Build.0 = Release|Win32
		{33521A23-3CEE-4841-B3C7-01AEC5606B7E}.ReleaseItanium|Win32.ActiveCfg = Release|Win32
		{33521A23-3CEE-4841-B3C7-01AEC5606B7E}.ReleaseItanium|Win32.Build.0 = Release|Win32
		{DDEE4F19-8ED0-440A-AF60-188DB95452E9}.Debug|Win32.ActiveCfg = Debug|Win32
		{DDEE4F19-8ED0-440A-AF60-188DB95452E9}.Debug|Win32.Build.0 = Debug|Win32
		{DDEE4F19-8ED0-440A-AF60-188DB95452E9}.Release|Win32.ActiveCfg = Release|Win32
		{DDEE4F19-8ED0-440A-AF60-188DB95452E9}.Release|Win32.Build.0 = Release|Win32
		{DDEE4F19-8ED0-440A-AF60-188DB95452E9}.ReleaseAMD64|Win32.ActiveCfg = Release|Win32
		{DDEE4F19-8ED0-440A-AF60-188DB95452E9}.ReleaseAMD64|Win32.Build.0 = Release|Win32
		{DDEE4F19-8ED0-440A-AF60-188DB95452E9}.ReleaseItanium|Win32.ActiveCfg = Release|Win32
		{DDEE4F19-8ED0-440A-AF60-188DB95452E9}.ReleaseItanium|Win32.Build.0 = Release|Win32
		{386411CA-58E8-435D-AEB5-1A0C03883D97}.Debug|Win32.ActiveCfg = Debug|Win32
		{386411CA-58E8-435D-AEB5-1A0C03883D97}.Debug|Win32.Build.0 = Debug|Win32
		{386411CA-58E8-435D-AEB5-1A0C03883D97}.Release|Win32.ActiveCfg = Release|Win32
		{386411CA-58E8-435D-AEB5-1A0C03883D97}.Release|Win32.Build.0 = Release|Win32
		{386411CA-58E8-435D-AEB5-1A0C03883D97}.ReleaseAMD64|Win32.ActiveCfg = Release|Win32
		{386411CA-58E8-435D-AEB5-1A0C03883D97}.ReleaseAMD64|Win32.Build.0 = Release|Win32
		{386411CA-58E8-435D-AEB5-1A0C03883D97}.ReleaseItanium|Win32.ActiveCfg = Release|Win32
		{386411CA-58E8-435D-AEB5-1A0C03883D97}.ReleaseItanium|Win32.Build.0 = Release|Win32
	EndGlobalSection
	GlobalSection(SolutionProperties) = preSolution
		HideSolutionNode = FALSE
	EndGlobalSection
EndGlobal
