Microsoft Visual Studio Solution File, Format Version 8.00
Project("{8BC9CEB8-8B4A-11D0-8D11-00A0C91BC942}") = "ntperftest", "ntperftest.vcproj", "{E243CC3B-393C-4454-AE02-8B902C2BAFFF}"
	ProjectSection(ProjectDependencies) = postProject
	EndProjectSection
EndProject
Global
	GlobalSection(SolutionConfiguration) = preSolution
		Debug = Debug
		Release = Release
	EndGlobalSection
	GlobalSection(ProjectConfiguration) = postSolution
		{E243CC3B-393C-4454-AE02-8B902C2BAFFF}.Debug.ActiveCfg = Debug|Win32
		{E243CC3B-393C-4454-AE02-8B902C2BAFFF}.Debug.Build.0 = Debug|Win32
		{E243CC3B-393C-4454-AE02-8B902C2BAFFF}.Release.ActiveCfg = Release|Win32
		{E243CC3B-393C-4454-AE02-8B902C2BAFFF}.Release.Build.0 = Release|Win32
	EndGlobalSection
	GlobalSection(ExtensibilityGlobals) = postSolution
	EndGlobalSection
	GlobalSection(ExtensibilityAddIns) = postSolution
	EndGlobalSection
EndGlobal
